
Microsoft Visual Studio Solution File, Format Version 11.00
# Visual Studio 2010
Project("{FAE04EC0-301F-11D3-BF4B-00C04F79EFBC}") = "ExamineSystem", "ExamineSystem\ExamineSystem.csproj", "{2BC40262-CE47-49AE-BE92-F71F2DD0BF89}"
EndProject
Project("{FAE04EC0-301F-11D3-BF4B-00C04F79EFBC}") = "EntityModel", "EntityModel\EntityModel.csproj", "{89A63A6A-A56E-4178-988E-5A823E8B2AF8}"
EndProject
Global
	GlobalSection(SolutionConfigurationPlatforms) = preSolution
		Debug|Any CPU = Debug|Any CPU
		Release|Any CPU = Release|Any CPU
	EndGlobalSection
	GlobalSection(ProjectConfigurationPlatforms) = postSolution
		{2BC40262-CE47-49AE-BE92-F71F2DD0BF89}.Debug|Any CPU.ActiveCfg = Debug|Any CPU
		{2BC40262-CE47-49AE-BE92-F71F2DD0BF89}.Debug|Any CPU.Build.0 = Debug|Any CPU
		{2BC40262-CE47-49AE-BE92-F71F2DD0BF89}.Release|Any CPU.ActiveCfg = Release|Any CPU
		{2BC40262-CE47-49AE-BE92-F71F2DD0BF89}.Release|Any CPU.Build.0 = Release|Any CPU
		{89A63A6A-A56E-4178-988E-5A823E8B2AF8}.Debug|Any CPU.ActiveCfg = Debug|Any CPU
		{89A63A6A-A56E-4178-988E-5A823E8B2AF8}.Debug|Any CPU.Build.0 = Debug|Any CPU
		{89A63A6A-A56E-4178-988E-5A823E8B2AF8}.Release|Any CPU.ActiveCfg = Release|Any CPU
		{89A63A6A-A56E-4178-988E-5A823E8B2AF8}.Release|Any CPU.Build.0 = Release|Any CPU
	EndGlobalSection
	GlobalSection(SolutionProperties) = preSolution
		HideSolutionNode = FALSE
	EndGlobalSection
EndGlobal
